
Microsoft Visual Studio Solution File, Format Version 12.00
# Visual Studio Version 16
VisualStudioVersion = 16.0.30114.105
MinimumVisualStudioVersion = 10.0.40219.1
Project("{9A19103F-16F7-4668-BE54-9A1E7A4F7556}") = "WorldCities", "WorldCities\WorldCities.csproj", "{185E7968-688F-4C83-9CBF-444CE9E99BBA}"
EndProject
Project("{9A19103F-16F7-4668-BE54-9A1E7A4F7556}") = "WorldCities.Tests", "WorldCities.Tests\WorldCities.Tests.csproj", "{18A1E9C4-3574-4A53-A037-403224398353}"
EndProject
Global
	GlobalSection(SolutionConfigurationPlatforms) = preSolution
		Debug|Any CPU = Debug|Any CPU
		Release|Any CPU = Release|Any CPU
	EndGlobalSection
	GlobalSection(ProjectConfigurationPlatforms) = postSolution
		{185E7968-688F-4C83-9CBF-444CE9E99BBA}.Debug|Any CPU.ActiveCfg = Debug|Any CPU
		{185E7968-688F-4C83-9CBF-444CE9E99BBA}.Debug|Any CPU.Build.0 = Debug|Any CPU
		{185E7968-688F-4C83-9CBF-444CE9E99BBA}.Release|Any CPU.ActiveCfg = Release|Any CPU
		{185E7968-688F-4C83-9CBF-444CE9E99BBA}.Release|Any CPU.Build.0 = Release|Any CPU
		{18A1E9C4-3574-4A53-A037-403224398353}.Debug|Any CPU.ActiveCfg = Debug|Any CPU
		{18A1E9C4-3574-4A53-A037-403224398353}.Debug|Any CPU.Build.0 = Debug|Any CPU
		{18A1E9C4-3574-4A53-A037-403224398353}.Release|Any CPU.ActiveCfg = Release|Any CPU
		{18A1E9C4-3574-4A53-A037-403224398353}.Release|Any CPU.Build.0 = Release|Any CPU
	EndGlobalSection
	GlobalSection(SolutionProperties) = preSolution
		HideSolutionNode = FALSE
	EndGlobalSection
	GlobalSection(ExtensibilityGlobals) = postSolution
		SolutionGuid = {EF4DDA1D-8981-49B7-89AF-C8567D54C515}
	EndGlobalSection
EndGlobal
